
Microsoft Visual Studio Solution File, Format Version 12.00
# Visual Studio Version 17
VisualStudioVersion = 17.8.34408.163
MinimumVisualStudioVersion = 10.0.40219.1
Project("{2150E333-8FDC-42A3-9474-1A3956D46DE8}") = "src", "src", "{CC1C5D4D-4F9C-4A98-8B5F-D0F7A5920B8C}"
EndProject
Project("{2150E333-8FDC-42A3-9474-1A3956D46DE8}") = "test", "test", "{C6C96C60-6628-44D3-B1A2-AA8D0A8BD755}"
EndProject
Project("{2150E333-8FDC-42A3-9474-1A3956D46DE8}") = "1 - Presentation", "1 - Presentation", "{F04AE500-034A-4895-A7AB-540A4E0452A5}"
EndProject
Project("{2150E333-8FDC-42A3-9474-1A3956D46DE8}") = "2 - Application", "2 - Application", "{4ED5DDAD-ECDC-4B57-B8CE-97BCAAFA6D54}"
EndProject
Project("{2150E333-8FDC-42A3-9474-1A3956D46DE8}") = "3 - Domain", "3 - Domain", "{18A287DF-E1C0-4D4F-AD2B-EE5A603F8B41}"
EndProject
Project("{2150E333-8FDC-42A3-9474-1A3956D46DE8}") = "4 - Infra", "4 - Infra", "{0C3A05E3-4D12-42F3-8BF4-F4E3521E1E59}"
EndProject
Project("{2150E333-8FDC-42A3-9474-1A3956D46DE8}") = "5 - CrossCutting", "5 - CrossCutting", "{5E64831B-6F6D-4DAB-BC5E-3CC370C3CA7B}"
EndProject
Project("{2150E333-8FDC-42A3-9474-1A3956D46DE8}") = "1- Integration", "1- Integration", "{C83C7624-8529-4435-8421-FEF1F45FBB25}"
EndProject
Project("{2150E333-8FDC-42A3-9474-1A3956D46DE8}") = "2 - Shared", "2 - Shared", "{66F1D05C-823E-46B3-A2EC-6942DB9E2E03}"
EndProject
Project("{2150E333-8FDC-42A3-9474-1A3956D46DE8}") = "3 - Unit", "3 - Unit", "{5A745414-17C9-4661-8EEB-9FADB83A0F1F}"
EndProject
Project("{9A19103F-16F7-4668-BE54-9A1E7A4F7556}") = "KitchenDeliverySystem.Api", "src\1 - Presentation\KitchenDeliverySystem.Api\KitchenDeliverySystem.Api.csproj", "{6BE3B2FB-127C-4597-AA4B-5F730F1CD27A}"
EndProject
Project("{9A19103F-16F7-4668-BE54-9A1E7A4F7556}") = "KitchenDeliverySystem.Application", "src\2 - Application\KitchenDeliverySystem.Application\KitchenDeliverySystem.Application.csproj", "{98DEF4E9-CDD7-4485-9BF3-AA679E4129FD}"
EndProject
Project("{9A19103F-16F7-4668-BE54-9A1E7A4F7556}") = "KitchenDeliverySystem.Domain", "src\3 - Domain\KitchenDeliverySystem.Domain\KitchenDeliverySystem.Domain.csproj", "{E730A119-5032-4371-BA46-AE6DD899A0E2}"
EndProject
Project("{9A19103F-16F7-4668-BE54-9A1E7A4F7556}") = "KitchenDeliverySystem.Infra", "src\4 - Infra\KitchenDeliverySystem.Infra\KitchenDeliverySystem.Infra.csproj", "{F9DB497D-8978-47F6-AB55-FE2F434ACFBC}"
EndProject
Project("{9A19103F-16F7-4668-BE54-9A1E7A4F7556}") = "KitchenDeliverySystem.CrossCutting", "src\5 - CrossCutting\KitchenDeliverySystem.CrossCutting\KitchenDeliverySystem.CrossCutting.csproj", "{13D85F9B-2D0B-450F-800C-C7088D3BA0A3}"
EndProject
Project("{9A19103F-16F7-4668-BE54-9A1E7A4F7556}") = "KitchenDeliverySystem.Dto", "src\5 - CrossCutting\KitchenDeliverySystem.Dto\KitchenDeliverySystem.Dto.csproj", "{5A0E3C2E-E27D-40E7-8E59-D3B886236192}"
EndProject
Project("{FAE04EC0-301F-11D3-BF4B-00C04F79EFBC}") = "KitchenDeliverySystem.Test.Integration", "test\1- Integration\KitchenDeliverySystem.Tests.Integration\KitchenDeliverySystem.Test.Integration.csproj", "{E827CC77-510D-4D49-AE03-D14E712CBA9A}"
EndProject
Project("{FAE04EC0-301F-11D3-BF4B-00C04F79EFBC}") = "KitchenDeliverySystem.Test.Shared", "test\2 - Shared\KitchenDeliverySystem.Tests.Shared\KitchenDeliverySystem.Test.Shared.csproj", "{33DEE9CA-1B1E-4747-9881-D6F4179B0DBD}"
EndProject
Project("{FAE04EC0-301F-11D3-BF4B-00C04F79EFBC}") = "KitchenDeliverySystem.Test.Unit", "KitchenDeliverySystem.Tests.Unit\KitchenDeliverySystem.Test.Unit.csproj", "{5BEFFB0A-4BAE-47F0-AF1A-C5CFFE4DEDF7}"
EndProject
Project("{2150E333-8FDC-42A3-9474-1A3956D46DE8}") = "UseCases", "UseCases", "{93375BC8-049B-4943-8814-53BF1FB57F6A}"
EndProject
Project("{2150E333-8FDC-42A3-9474-1A3956D46DE8}") = "User", "User", "{515C0D40-F3D9-4CBE-9A47-74D0EFE82548}"
EndProject
Project("{2150E333-8FDC-42A3-9474-1A3956D46DE8}") = "Order", "Order", "{5C1AE52E-3853-4F86-AF48-213AEEA1D7F8}"
EndProject
Project("{2150E333-8FDC-42A3-9474-1A3956D46DE8}") = "UserRegisterUseCase", "UserRegisterUseCase", "{33D6D077-C6CE-477D-9799-5BB30792C157}"
EndProject
Project("{2150E333-8FDC-42A3-9474-1A3956D46DE8}") = "UserLoginUseCase", "UserLoginUseCase", "{FCC18877-F603-4283-90D9-2F64DF176632}"
	ProjectSection(SolutionItems) = preProject
		IUserLoginUseCase.cs = IUserLoginUseCase.cs
		UserLoginUseCase.cs = UserLoginUseCase.cs
	EndProjectSection
EndProject
Project("{2150E333-8FDC-42A3-9474-1A3956D46DE8}") = "OrderCreateUseCase", "OrderCreateUseCase", "{17B5E621-D9AA-4CDB-A4DE-ECA57C697BBB}"
EndProject
Project("{2150E333-8FDC-42A3-9474-1A3956D46DE8}") = "OrderGetUseCase", "OrderGetUseCase", "{932D6688-BF5B-42A2-8710-5EEA0ECB046F}"
EndProject
Project("{2150E333-8FDC-42A3-9474-1A3956D46DE8}") = "OrderSearchUseCase", "OrderSearchUseCase", "{6BCD0487-97A6-4F9E-AA6A-139AB2E62EA3}"
EndProject
Project("{2150E333-8FDC-42A3-9474-1A3956D46DE8}") = "OrderDeleteUseCase", "OrderDeleteUseCase", "{B2BDFF8D-7D0C-4D11-95AB-C23FD73E1C67}"
EndProject
Project("{2150E333-8FDC-42A3-9474-1A3956D46DE8}") = "OrderUpdateUseCase", "OrderUpdateUseCase", "{00B5BC16-5DCB-4ABD-AC4F-768A920FDD9D}"
EndProject
Project("{2150E333-8FDC-42A3-9474-1A3956D46DE8}") = "OrderGetItemUseCase", "OrderGetItemUseCase", "{A9F8D52F-24A1-4AE8-A171-4325348BEB88}"
EndProject
Project("{2150E333-8FDC-42A3-9474-1A3956D46DE8}") = "OrderInsertItemUseCase", "OrderInsertItemUseCase", "{6FFEBEBD-6ED0-46F5-979D-A46B9FA023C7}"
EndProject
Project("{2150E333-8FDC-42A3-9474-1A3956D46DE8}") = "OrderUpdateItemUseCase", "OrderUpdateItemUseCase", "{38022CC1-16A1-4D49-B52B-CFF0FA5C60E1}"
EndProject
Project("{2150E333-8FDC-42A3-9474-1A3956D46DE8}") = "OrderDeleteItemUseCase", "OrderDeleteItemUseCase", "{F0FEA534-A1A2-4156-BEA5-EE183A56847B}"
EndProject
Global
	GlobalSection(SolutionConfigurationPlatforms) = preSolution
		Debug|Any CPU = Debug|Any CPU
		Release|Any CPU = Release|Any CPU
	EndGlobalSection
	GlobalSection(ProjectConfigurationPlatforms) = postSolution
		{6BE3B2FB-127C-4597-AA4B-5F730F1CD27A}.Debug|Any CPU.ActiveCfg = Debug|Any CPU
		{6BE3B2FB-127C-4597-AA4B-5F730F1CD27A}.Debug|Any CPU.Build.0 = Debug|Any CPU
		{6BE3B2FB-127C-4597-AA4B-5F730F1CD27A}.Release|Any CPU.ActiveCfg = Release|Any CPU
		{6BE3B2FB-127C-4597-AA4B-5F730F1CD27A}.Release|Any CPU.Build.0 = Release|Any CPU
		{98DEF4E9-CDD7-4485-9BF3-AA679E4129FD}.Debug|Any CPU.ActiveCfg = Debug|Any CPU
		{98DEF4E9-CDD7-4485-9BF3-AA679E4129FD}.Debug|Any CPU.Build.0 = Debug|Any CPU
		{98DEF4E9-CDD7-4485-9BF3-AA679E4129FD}.Release|Any CPU.ActiveCfg = Release|Any CPU
		{98DEF4E9-CDD7-4485-9BF3-AA679E4129FD}.Release|Any CPU.Build.0 = Release|Any CPU
		{E730A119-5032-4371-BA46-AE6DD899A0E2}.Debug|Any CPU.ActiveCfg = Debug|Any CPU
		{E730A119-5032-4371-BA46-AE6DD899A0E2}.Debug|Any CPU.Build.0 = Debug|Any CPU
		{E730A119-5032-4371-BA46-AE6DD899A0E2}.Release|Any CPU.ActiveCfg = Release|Any CPU
		{E730A119-5032-4371-BA46-AE6DD899A0E2}.Release|Any CPU.Build.0 = Release|Any CPU
		{F9DB497D-8978-47F6-AB55-FE2F434ACFBC}.Debug|Any CPU.ActiveCfg = Debug|Any CPU
		{F9DB497D-8978-47F6-AB55-FE2F434ACFBC}.Debug|Any CPU.Build.0 = Debug|Any CPU
		{F9DB497D-8978-47F6-AB55-FE2F434ACFBC}.Release|Any CPU.ActiveCfg = Release|Any CPU
		{F9DB497D-8978-47F6-AB55-FE2F434ACFBC}.Release|Any CPU.Build.0 = Release|Any CPU
		{13D85F9B-2D0B-450F-800C-C7088D3BA0A3}.Debug|Any CPU.ActiveCfg = Debug|Any CPU
		{13D85F9B-2D0B-450F-800C-C7088D3BA0A3}.Debug|Any CPU.Build.0 = Debug|Any CPU
		{13D85F9B-2D0B-450F-800C-C7088D3BA0A3}.Release|Any CPU.ActiveCfg = Release|Any CPU
		{13D85F9B-2D0B-450F-800C-C7088D3BA0A3}.Release|Any CPU.Build.0 = Release|Any CPU
		{5A0E3C2E-E27D-40E7-8E59-D3B886236192}.Debug|Any CPU.ActiveCfg = Debug|Any CPU
		{5A0E3C2E-E27D-40E7-8E59-D3B886236192}.Debug|Any CPU.Build.0 = Debug|Any CPU
		{5A0E3C2E-E27D-40E7-8E59-D3B886236192}.Release|Any CPU.ActiveCfg = Release|Any CPU
		{5A0E3C2E-E27D-40E7-8E59-D3B886236192}.Release|Any CPU.Build.0 = Release|Any CPU
		{E827CC77-510D-4D49-AE03-D14E712CBA9A}.Debug|Any CPU.ActiveCfg = Debug|Any CPU
		{E827CC77-510D-4D49-AE03-D14E712CBA9A}.Debug|Any CPU.Build.0 = Debug|Any CPU
		{E827CC77-510D-4D49-AE03-D14E712CBA9A}.Release|Any CPU.ActiveCfg = Release|Any CPU
		{E827CC77-510D-4D49-AE03-D14E712CBA9A}.Release|Any CPU.Build.0 = Release|Any CPU
		{33DEE9CA-1B1E-4747-9881-D6F4179B0DBD}.Debug|Any CPU.ActiveCfg = Debug|Any CPU
		{33DEE9CA-1B1E-4747-9881-D6F4179B0DBD}.Debug|Any CPU.Build.0 = Debug|Any CPU
		{33DEE9CA-1B1E-4747-9881-D6F4179B0DBD}.Release|Any CPU.ActiveCfg = Release|Any CPU
		{33DEE9CA-1B1E-4747-9881-D6F4179B0DBD}.Release|Any CPU.Build.0 = Release|Any CPU
		{5BEFFB0A-4BAE-47F0-AF1A-C5CFFE4DEDF7}.Debug|Any CPU.ActiveCfg = Debug|Any CPU
		{5BEFFB0A-4BAE-47F0-AF1A-C5CFFE4DEDF7}.Debug|Any CPU.Build.0 = Debug|Any CPU
		{5BEFFB0A-4BAE-47F0-AF1A-C5CFFE4DEDF7}.Release|Any CPU.ActiveCfg = Release|Any CPU
		{5BEFFB0A-4BAE-47F0-AF1A-C5CFFE4DEDF7}.Release|Any CPU.Build.0 = Release|Any CPU
	EndGlobalSection
	GlobalSection(SolutionProperties) = preSolution
		HideSolutionNode = FALSE
	EndGlobalSection
	GlobalSection(NestedProjects) = preSolution
		{F04AE500-034A-4895-A7AB-540A4E0452A5} = {CC1C5D4D-4F9C-4A98-8B5F-D0F7A5920B8C}
		{4ED5DDAD-ECDC-4B57-B8CE-97BCAAFA6D54} = {CC1C5D4D-4F9C-4A98-8B5F-D0F7A5920B8C}
		{18A287DF-E1C0-4D4F-AD2B-EE5A603F8B41} = {CC1C5D4D-4F9C-4A98-8B5F-D0F7A5920B8C}
		{0C3A05E3-4D12-42F3-8BF4-F4E3521E1E59} = {CC1C5D4D-4F9C-4A98-8B5F-D0F7A5920B8C}
		{5E64831B-6F6D-4DAB-BC5E-3CC370C3CA7B} = {CC1C5D4D-4F9C-4A98-8B5F-D0F7A5920B8C}
		{C83C7624-8529-4435-8421-FEF1F45FBB25} = {C6C96C60-6628-44D3-B1A2-AA8D0A8BD755}
		{66F1D05C-823E-46B3-A2EC-6942DB9E2E03} = {C6C96C60-6628-44D3-B1A2-AA8D0A8BD755}
		{5A745414-17C9-4661-8EEB-9FADB83A0F1F} = {C6C96C60-6628-44D3-B1A2-AA8D0A8BD755}
		{6BE3B2FB-127C-4597-AA4B-5F730F1CD27A} = {F04AE500-034A-4895-A7AB-540A4E0452A5}
		{98DEF4E9-CDD7-4485-9BF3-AA679E4129FD} = {4ED5DDAD-ECDC-4B57-B8CE-97BCAAFA6D54}
		{E730A119-5032-4371-BA46-AE6DD899A0E2} = {18A287DF-E1C0-4D4F-AD2B-EE5A603F8B41}
		{F9DB497D-8978-47F6-AB55-FE2F434ACFBC} = {0C3A05E3-4D12-42F3-8BF4-F4E3521E1E59}
		{13D85F9B-2D0B-450F-800C-C7088D3BA0A3} = {5E64831B-6F6D-4DAB-BC5E-3CC370C3CA7B}
		{5A0E3C2E-E27D-40E7-8E59-D3B886236192} = {5E64831B-6F6D-4DAB-BC5E-3CC370C3CA7B}
		{E827CC77-510D-4D49-AE03-D14E712CBA9A} = {C83C7624-8529-4435-8421-FEF1F45FBB25}
		{33DEE9CA-1B1E-4747-9881-D6F4179B0DBD} = {66F1D05C-823E-46B3-A2EC-6942DB9E2E03}
		{5BEFFB0A-4BAE-47F0-AF1A-C5CFFE4DEDF7} = {5A745414-17C9-4661-8EEB-9FADB83A0F1F}
		{93375BC8-049B-4943-8814-53BF1FB57F6A} = {4ED5DDAD-ECDC-4B57-B8CE-97BCAAFA6D54}
		{515C0D40-F3D9-4CBE-9A47-74D0EFE82548} = {93375BC8-049B-4943-8814-53BF1FB57F6A}
		{5C1AE52E-3853-4F86-AF48-213AEEA1D7F8} = {93375BC8-049B-4943-8814-53BF1FB57F6A}
		{33D6D077-C6CE-477D-9799-5BB30792C157} = {515C0D40-F3D9-4CBE-9A47-74D0EFE82548}
		{FCC18877-F603-4283-90D9-2F64DF176632} = {515C0D40-F3D9-4CBE-9A47-74D0EFE82548}
		{17B5E621-D9AA-4CDB-A4DE-ECA57C697BBB} = {5C1AE52E-3853-4F86-AF48-213AEEA1D7F8}
		{932D6688-BF5B-42A2-8710-5EEA0ECB046F} = {5C1AE52E-3853-4F86-AF48-213AEEA1D7F8}
		{6BCD0487-97A6-4F9E-AA6A-139AB2E62EA3} = {5C1AE52E-3853-4F86-AF48-213AEEA1D7F8}
		{B2BDFF8D-7D0C-4D11-95AB-C23FD73E1C67} = {5C1AE52E-3853-4F86-AF48-213AEEA1D7F8}
		{00B5BC16-5DCB-4ABD-AC4F-768A920FDD9D} = {5C1AE52E-3853-4F86-AF48-213AEEA1D7F8}
		{A9F8D52F-24A1-4AE8-A171-4325348BEB88} = {5C1AE52E-3853-4F86-AF48-213AEEA1D7F8}
		{6FFEBEBD-6ED0-46F5-979D-A46B9FA023C7} = {5C1AE52E-3853-4F86-AF48-213AEEA1D7F8}
		{38022CC1-16A1-4D49-B52B-CFF0FA5C60E1} = {5C1AE52E-3853-4F86-AF48-213AEEA1D7F8}
		{F0FEA534-A1A2-4156-BEA5-EE183A56847B} = {5C1AE52E-3853-4F86-AF48-213AEEA1D7F8}
	EndGlobalSection
	GlobalSection(ExtensibilityGlobals) = postSolution
		SolutionGuid = {AFB11ED0-B054-4793-80DC-BCFFB511D3B9}
	EndGlobalSection
EndGlobal
